
Microsoft Visual Studio Solution File, Format Version 12.00
# Visual Studio Version 16
VisualStudioVersion = 16.0.29613.14
MinimumVisualStudioVersion = 10.0.40219.1
Project("{FAE04EC0-301F-11D3-BF4B-00C04F79EFBC}") = "RevitPythonShell", "RevitPythonShell\RevitPythonShell.csproj", "{7E37F14E-D840-42F8-8CA6-90FFC5497972}"
	ProjectSection(ProjectDependencies) = postProject
		{C8446636-C663-409F-82D0-72C0D55BBA1C} = {C8446636-C663-409F-82D0-72C0D55BBA1C}
		{F1152D68-346B-4F48-8DB7-BE67B5CB1F49} = {F1152D68-346B-4F48-8DB7-BE67B5CB1F49}
	EndProjectSection
EndProject
Project("{9A19103F-16F7-4668-BE54-9A1E7A4F7556}") = "PythonConsoleControl", "PythonConsoleControl\PythonConsoleControl.csproj", "{F1152D68-346B-4F48-8DB7-BE67B5CB1F49}"
EndProject
Project("{9A19103F-16F7-4668-BE54-9A1E7A4F7556}") = "RpsRuntime", "RpsRuntime\RpsRuntime.csproj", "{C8446636-C663-409F-82D0-72C0D55BBA1C}"
EndProject
Global
	GlobalSection(SolutionConfigurationPlatforms) = preSolution
		Debug One|Any CPU = Debug One|Any CPU
		Debug One|x64 = Debug One|x64
		Debug|Any CPU = Debug|Any CPU
		Debug|x64 = Debug|x64
		Release|Any CPU = Release|Any CPU
		Release|x64 = Release|x64
	EndGlobalSection
	GlobalSection(ProjectConfigurationPlatforms) = postSolution
		{7E37F14E-D840-42F8-8CA6-90FFC5497972}.Debug One|Any CPU.ActiveCfg = Debug One|x64
		{7E37F14E-D840-42F8-8CA6-90FFC5497972}.Debug One|Any CPU.Build.0 = Debug One|x64
		{7E37F14E-D840-42F8-8CA6-90FFC5497972}.Debug One|x64.ActiveCfg = Debug One|x64
		{7E37F14E-D840-42F8-8CA6-90FFC5497972}.Debug One|x64.Build.0 = Debug One|x64
		{7E37F14E-D840-42F8-8CA6-90FFC5497972}.Debug|Any CPU.ActiveCfg = Debug|x64
		{7E37F14E-D840-42F8-8CA6-90FFC5497972}.Debug|Any CPU.Build.0 = Debug|x64
		{7E37F14E-D840-42F8-8CA6-90FFC5497972}.Debug|x64.ActiveCfg = Debug|x64
		{7E37F14E-D840-42F8-8CA6-90FFC5497972}.Debug|x64.Build.0 = Debug|x64
		{7E37F14E-D840-42F8-8CA6-90FFC5497972}.Release|Any CPU.ActiveCfg = Release|x64
		{7E37F14E-D840-42F8-8CA6-90FFC5497972}.Release|Any CPU.Build.0 = Release|x64
		{7E37F14E-D840-42F8-8CA6-90FFC5497972}.Release|x64.ActiveCfg = Release|x64
		{7E37F14E-D840-42F8-8CA6-90FFC5497972}.Release|x64.Build.0 = Release|x64
		{F1152D68-346B-4F48-8DB7-BE67B5CB1F49}.Debug One|Any CPU.ActiveCfg = Debug One|x64
		{F1152D68-346B-4F48-8DB7-BE67B5CB1F49}.Debug One|Any CPU.Build.0 = Debug One|x64
		{F1152D68-346B-4F48-8DB7-BE67B5CB1F49}.Debug One|x64.ActiveCfg = Debug One|x64
		{F1152D68-346B-4F48-8DB7-BE67B5CB1F49}.Debug One|x64.Build.0 = Debug One|x64
		{F1152D68-346B-4F48-8DB7-BE67B5CB1F49}.Debug|Any CPU.ActiveCfg = Debug|x64
		{F1152D68-346B-4F48-8DB7-BE67B5CB1F49}.Debug|Any CPU.Build.0 = Debug|x64
		{F1152D68-346B-4F48-8DB7-BE67B5CB1F49}.Debug|x64.ActiveCfg = Debug|x64
		{F1152D68-346B-4F48-8DB7-BE67B5CB1F49}.Debug|x64.Build.0 = Debug|x64
		{F1152D68-346B-4F48-8DB7-BE67B5CB1F49}.Release|Any CPU.ActiveCfg = Release|x64
		{F1152D68-346B-4F48-8DB7-BE67B5CB1F49}.Release|Any CPU.Build.0 = Release|x64
		{F1152D68-346B-4F48-8DB7-BE67B5CB1F49}.Release|x64.ActiveCfg = Release|x64
		{F1152D68-346B-4F48-8DB7-BE67B5CB1F49}.Release|x64.Build.0 = Release|x64
		{C8446636-C663-409F-82D0-72C0D55BBA1C}.Debug One|Any CPU.ActiveCfg = Debug One|x64
		{C8446636-C663-409F-82D0-72C0D55BBA1C}.Debug One|Any CPU.Build.0 = Debug One|x64
		{C8446636-C663-409F-82D0-72C0D55BBA1C}.Debug One|x64.ActiveCfg = Debug One|x64
		{C8446636-C663-409F-82D0-72C0D55BBA1C}.Debug One|x64.Build.0 = Debug One|x64
		{C8446636-C663-409F-82D0-72C0D55BBA1C}.Debug|Any CPU.ActiveCfg = Debug|x64
		{C8446636-C663-409F-82D0-72C0D55BBA1C}.Debug|Any CPU.Build.0 = Debug|x64
		{C8446636-C663-409F-82D0-72C0D55BBA1C}.Debug|x64.ActiveCfg = Debug|x64
		{C8446636-C663-409F-82D0-72C0D55BBA1C}.Debug|x64.Build.0 = Debug|x64
		{C8446636-C663-409F-82D0-72C0D55BBA1C}.Release|Any CPU.ActiveCfg = Release|x64
		{C8446636-C663-409F-82D0-72C0D55BBA1C}.Release|Any CPU.Build.0 = Release|x64
		{C8446636-C663-409F-82D0-72C0D55BBA1C}.Release|x64.ActiveCfg = Release|x64
		{C8446636-C663-409F-82D0-72C0D55BBA1C}.Release|x64.Build.0 = Release|x64
	EndGlobalSection
	GlobalSection(SolutionProperties) = preSolution
		HideSolutionNode = FALSE
	EndGlobalSection
	GlobalSection(ExtensibilityGlobals) = postSolution
		SolutionGuid = {8E6A5A3B-CCC1-402D-9D4B-989DE2CEB738}
	EndGlobalSection
	GlobalSection(SubversionScc) = preSolution
		Svn-Managed = True
		Manager = AnkhSVN - Subversion Support for Visual Studio
	EndGlobalSection
EndGlobal
