
Microsoft Visual Studio Solution File, Format Version 12.00
# Visual Studio Version 16
VisualStudioVersion = 16.0.29613.14
MinimumVisualStudioVersion = 10.0.40219.1
Project("{FAE04EC0-301F-11D3-BF4B-00C04F79EFBC}") = "RevitPythonShell", "RevitPythonShell\RevitPythonShell.csproj", "{7E37F14E-D840-42F8-8CA6-90FFC5497972}"
	ProjectSection(ProjectDependencies) = postProject
		{C8446636-C663-409F-82D0-72C0D55BBA1C} = {C8446636-C663-409F-82D0-72C0D55BBA1C}
		{F1152D68-346B-4F48-8DB7-BE67B5CB1F49} = {F1152D68-346B-4F48-8DB7-BE67B5CB1F49}
	EndProjectSection
EndProject
Project("{FAE04EC0-301F-11D3-BF4B-00C04F79EFBC}") = "PythonConsoleControl", "PythonConsoleControl\PythonConsoleControl.csproj", "{F1152D68-346B-4F48-8DB7-BE67B5CB1F49}"
EndProject
Project("{FAE04EC0-301F-11D3-BF4B-00C04F79EFBC}") = "RpsRuntime", "RpsRuntime\RpsRuntime.csproj", "{C8446636-C663-409F-82D0-72C0D55BBA1C}"
EndProject
Global
	GlobalSection(SolutionConfigurationPlatforms) = preSolution
		Debug 2014|Any CPU = Debug 2014|Any CPU
		Debug 2015|Any CPU = Debug 2015|Any CPU
		Debug 2016|Any CPU = Debug 2016|Any CPU
		Debug 2017|Any CPU = Debug 2017|Any CPU
		Debug 2018|Any CPU = Debug 2018|Any CPU
		Debug 2019|Any CPU = Debug 2019|Any CPU
	EndGlobalSection
	GlobalSection(ProjectConfigurationPlatforms) = postSolution
		{7E37F14E-D840-42F8-8CA6-90FFC5497972}.Debug 2014|Any CPU.ActiveCfg = Debug 2014|Any CPU
		{7E37F14E-D840-42F8-8CA6-90FFC5497972}.Debug 2014|Any CPU.Build.0 = Debug 2014|Any CPU
		{7E37F14E-D840-42F8-8CA6-90FFC5497972}.Debug 2015|Any CPU.ActiveCfg = Debug 2015|Any CPU
		{7E37F14E-D840-42F8-8CA6-90FFC5497972}.Debug 2015|Any CPU.Build.0 = Debug 2015|Any CPU
		{7E37F14E-D840-42F8-8CA6-90FFC5497972}.Debug 2016|Any CPU.ActiveCfg = Debug 2016|Any CPU
		{7E37F14E-D840-42F8-8CA6-90FFC5497972}.Debug 2016|Any CPU.Build.0 = Debug 2016|Any CPU
		{7E37F14E-D840-42F8-8CA6-90FFC5497972}.Debug 2017|Any CPU.ActiveCfg = Debug 2017|Any CPU
		{7E37F14E-D840-42F8-8CA6-90FFC5497972}.Debug 2017|Any CPU.Build.0 = Debug 2017|Any CPU
		{7E37F14E-D840-42F8-8CA6-90FFC5497972}.Debug 2018|Any CPU.ActiveCfg = Debug 2018|Any CPU
		{7E37F14E-D840-42F8-8CA6-90FFC5497972}.Debug 2018|Any CPU.Build.0 = Debug 2018|Any CPU
		{7E37F14E-D840-42F8-8CA6-90FFC5497972}.Debug 2019|Any CPU.ActiveCfg = Debug 2019|Any CPU
		{7E37F14E-D840-42F8-8CA6-90FFC5497972}.Debug 2019|Any CPU.Build.0 = Debug 2019|Any CPU
		{F1152D68-346B-4F48-8DB7-BE67B5CB1F49}.Debug 2014|Any CPU.ActiveCfg = Debug One|x64
		{F1152D68-346B-4F48-8DB7-BE67B5CB1F49}.Debug 2014|Any CPU.Build.0 = Debug One|x64
		{F1152D68-346B-4F48-8DB7-BE67B5CB1F49}.Debug 2015|Any CPU.ActiveCfg = Debug One|x64
		{F1152D68-346B-4F48-8DB7-BE67B5CB1F49}.Debug 2015|Any CPU.Build.0 = Debug One|x64
		{F1152D68-346B-4F48-8DB7-BE67B5CB1F49}.Debug 2016|Any CPU.ActiveCfg = Debug One|x64
		{F1152D68-346B-4F48-8DB7-BE67B5CB1F49}.Debug 2016|Any CPU.Build.0 = Debug One|x64
		{F1152D68-346B-4F48-8DB7-BE67B5CB1F49}.Debug 2017|Any CPU.ActiveCfg = Debug One|x64
		{F1152D68-346B-4F48-8DB7-BE67B5CB1F49}.Debug 2017|Any CPU.Build.0 = Debug One|x64
		{F1152D68-346B-4F48-8DB7-BE67B5CB1F49}.Debug 2018|Any CPU.ActiveCfg = Debug One|x64
		{F1152D68-346B-4F48-8DB7-BE67B5CB1F49}.Debug 2018|Any CPU.Build.0 = Debug One|x64
		{F1152D68-346B-4F48-8DB7-BE67B5CB1F49}.Debug 2019|Any CPU.ActiveCfg = Debug One|x64
		{F1152D68-346B-4F48-8DB7-BE67B5CB1F49}.Debug 2019|Any CPU.Build.0 = Debug One|x64
		{C8446636-C663-409F-82D0-72C0D55BBA1C}.Debug 2014|Any CPU.ActiveCfg = Debug 2014|Any CPU
		{C8446636-C663-409F-82D0-72C0D55BBA1C}.Debug 2014|Any CPU.Build.0 = Debug 2014|Any CPU
		{C8446636-C663-409F-82D0-72C0D55BBA1C}.Debug 2015|Any CPU.ActiveCfg = Debug 2015|Any CPU
		{C8446636-C663-409F-82D0-72C0D55BBA1C}.Debug 2015|Any CPU.Build.0 = Debug 2015|Any CPU
		{C8446636-C663-409F-82D0-72C0D55BBA1C}.Debug 2016|Any CPU.ActiveCfg = Debug 2016|Any CPU
		{C8446636-C663-409F-82D0-72C0D55BBA1C}.Debug 2016|Any CPU.Build.0 = Debug 2016|Any CPU
		{C8446636-C663-409F-82D0-72C0D55BBA1C}.Debug 2017|Any CPU.ActiveCfg = Debug 2017|Any CPU
		{C8446636-C663-409F-82D0-72C0D55BBA1C}.Debug 2017|Any CPU.Build.0 = Debug 2017|Any CPU
		{C8446636-C663-409F-82D0-72C0D55BBA1C}.Debug 2018|Any CPU.ActiveCfg = Debug 2018|Any CPU
		{C8446636-C663-409F-82D0-72C0D55BBA1C}.Debug 2018|Any CPU.Build.0 = Debug 2018|Any CPU
		{C8446636-C663-409F-82D0-72C0D55BBA1C}.Debug 2019|Any CPU.ActiveCfg = Debug 2019|Any CPU
		{C8446636-C663-409F-82D0-72C0D55BBA1C}.Debug 2019|Any CPU.Build.0 = Debug 2019|Any CPU
	EndGlobalSection
	GlobalSection(SolutionProperties) = preSolution
		HideSolutionNode = FALSE
	EndGlobalSection
	GlobalSection(ExtensibilityGlobals) = postSolution
		SolutionGuid = {8E6A5A3B-CCC1-402D-9D4B-989DE2CEB738}
	EndGlobalSection
	GlobalSection(SubversionScc) = preSolution
		Svn-Managed = True
		Manager = AnkhSVN - Subversion Support for Visual Studio
	EndGlobalSection
EndGlobal
